{
  "version": "5",
  "specifiers": {
    "jsr:@deno/graph@~0.95.1": "0.95.1",
    "jsr:@std/cli@^1.0.20": "1.0.20",
    "jsr:@std/path@^1.1.0": "1.1.0"
  },
  "jsr": {
    "@deno/graph@0.95.1": {
      "integrity": "108c190dc0bea9937c5faf6f0ec2aae2f7cdce0920d53a0eb85bd8f112779e26"
    },
    "@std/cli@1.0.20": {
      "integrity": "a8c384a2c98cec6ec6a2055c273a916e2772485eb784af0db004c5ab8ba52333"
    },
    "@std/path@1.1.0": {
      "integrity": "ddc94f8e3c275627281cbc23341df6b8bcc874d70374f75fec2533521e3d6886"
    }
  },
  "remote": {
    "https://deno.land/x/dir@1.5.1/data_local_dir/mod.ts": "91eb1c4bfadfbeda30171007bac6d85aadacd43224a5ed721bbe56bc64e9eb66",
    "https://deno.land/x/import_map@v0.22.0/import_map.generated.js": "9fc0f2fd5589d560b3a1d02b03db4bef235904a63c849c13bffc4e7b3215685b",
    "https://deno.land/x/wasmbuild@0.15.1/cache.ts": "9d01b5cb24e7f2a942bbd8d14b093751fa690a6cde8e21709ddc97667e6669ed",
    "https://deno.land/x/wasmbuild@0.15.1/loader.ts": "8c2fc10e21678e42f84c5135d8ab6ab7dc92424c3f05d2354896a29ccfd02a63"
  },
  "workspace": {
    "dependencies": [
      "jsr:@deno/graph@~0.95.1",
      "jsr:@std/cli@^1.0.20",
      "jsr:@std/path@^1.1.0"
    ]
  }
}
